// !$*UTF8*$!
{
	archiveVersion = 1;
	classes = {
	};
	objectVersion = 50;
	objects = {

/* Begin PBXBuildFile section */
		420D03A423A970CD00C31A41 /* AuthResponseModel.swift in Sources */ = {isa = PBXBuildFile; fileRef = 420D03A323A970CD00C31A41 /* AuthResponseModel.swift */; };
		420D03A623A9801300C31A41 /* ProfileInfo.swift in Sources */ = {isa = PBXBuildFile; fileRef = 420D03A523A9801300C31A41 /* ProfileInfo.swift */; };
		4239034A23AB8140003DF13A /* UserDefaultsManager.swift in Sources */ = {isa = PBXBuildFile; fileRef = 4239034923AB8140003DF13A /* UserDefaultsManager.swift */; };
		4239034C23AB9E84003DF13A /* ErrorResponse.swift in Sources */ = {isa = PBXBuildFile; fileRef = 4239034B23AB9E84003DF13A /* ErrorResponse.swift */; };
		4239034E23AB9F56003DF13A /* Errors.swift in Sources */ = {isa = PBXBuildFile; fileRef = 4239034D23AB9F56003DF13A /* Errors.swift */; };
		4239035023ABA44C003DF13A /* AlertService.swift in Sources */ = {isa = PBXBuildFile; fileRef = 4239034F23ABA44C003DF13A /* AlertService.swift */; };
		4267C6DA23A99A2800212A48 /* UserPage.storyboard in Resources */ = {isa = PBXBuildFile; fileRef = 4267C6D923A99A2800212A48 /* UserPage.storyboard */; };
		4267C6E023A99BAF00212A48 /* ProfileInfoCell.swift in Sources */ = {isa = PBXBuildFile; fileRef = 4267C6DE23A99BAF00212A48 /* ProfileInfoCell.swift */; };
		4267C6E123A99BAF00212A48 /* ProfileInfoCell.xib in Resources */ = {isa = PBXBuildFile; fileRef = 4267C6DF23A99BAF00212A48 /* ProfileInfoCell.xib */; };
		4267C6E423A99BBD00212A48 /* PostCell.swift in Sources */ = {isa = PBXBuildFile; fileRef = 4267C6E223A99BBD00212A48 /* PostCell.swift */; };
		4267C6E523A99BBD00212A48 /* PostCell.xib in Resources */ = {isa = PBXBuildFile; fileRef = 4267C6E323A99BBD00212A48 /* PostCell.xib */; };
		4268B24E23BA86950092C2F9 /* ReloadDataDelegate.swift in Sources */ = {isa = PBXBuildFile; fileRef = 4268B24D23BA86950092C2F9 /* ReloadDataDelegate.swift */; };
		4268B25023BAA0D80092C2F9 /* PostCellParentDelegate.swift in Sources */ = {isa = PBXBuildFile; fileRef = 4268B24F23BAA0D80092C2F9 /* PostCellParentDelegate.swift */; };
		429A0AE423AA491600ED2ACF /* Helper.swift in Sources */ = {isa = PBXBuildFile; fileRef = 429A0AE323AA491600ED2ACF /* Helper.swift */; };
		429A0AE623AA4B1700ED2ACF /* UserPageViewController.swift in Sources */ = {isa = PBXBuildFile; fileRef = 429A0AE523AA4B1700ED2ACF /* UserPageViewController.swift */; };
		42A7BB6D23A6484F00B65A8F /* AppDelegate.swift in Sources */ = {isa = PBXBuildFile; fileRef = 42A7BB6C23A6484F00B65A8F /* AppDelegate.swift */; };
		42A7BB6F23A6484F00B65A8F /* SceneDelegate.swift in Sources */ = {isa = PBXBuildFile; fileRef = 42A7BB6E23A6484F00B65A8F /* SceneDelegate.swift */; };
		42A7BB7423A6484F00B65A8F /* Main.storyboard in Resources */ = {isa = PBXBuildFile; fileRef = 42A7BB7223A6484F00B65A8F /* Main.storyboard */; };
		42A7BB7723A6484F00B65A8F /* vk_client.xcdatamodeld in Sources */ = {isa = PBXBuildFile; fileRef = 42A7BB7523A6484F00B65A8F /* vk_client.xcdatamodeld */; };
		42A7BB7923A6485300B65A8F /* Assets.xcassets in Resources */ = {isa = PBXBuildFile; fileRef = 42A7BB7823A6485300B65A8F /* Assets.xcassets */; };
		42A7BB7C23A6485300B65A8F /* LaunchScreen.storyboard in Resources */ = {isa = PBXBuildFile; fileRef = 42A7BB7A23A6485300B65A8F /* LaunchScreen.storyboard */; };
		42A7BB8423A649D300B65A8F /* Authorization.storyboard in Resources */ = {isa = PBXBuildFile; fileRef = 42A7BB8323A649D300B65A8F /* Authorization.storyboard */; };
		42A7BB8723A64AFE00B65A8F /* Constants.swift in Sources */ = {isa = PBXBuildFile; fileRef = 42A7BB8623A64AFE00B65A8F /* Constants.swift */; };
		42A7BB8A23A64B8F00B65A8F /* CustomButton.swift in Sources */ = {isa = PBXBuildFile; fileRef = 42A7BB8923A64B8F00B65A8F /* CustomButton.swift */; };
		42AB7AAE23AAA7BB0091C73D /* UserPosts.swift in Sources */ = {isa = PBXBuildFile; fileRef = 42AB7AAD23AAA7BB0091C73D /* UserPosts.swift */; };
		42B00BCB23A67ECC00833252 /* LogInViewController.swift in Sources */ = {isa = PBXBuildFile; fileRef = 42B00BCA23A67ECC00833252 /* LogInViewController.swift */; };
		42B00BCD23A67F2500833252 /* SignUpViewController.swift in Sources */ = {isa = PBXBuildFile; fileRef = 42B00BCC23A67F2500833252 /* SignUpViewController.swift */; };
		42B00BD023A680D400833252 /* LocalDataManager.swift in Sources */ = {isa = PBXBuildFile; fileRef = 42B00BCF23A680D400833252 /* LocalDataManager.swift */; };
		42B00BD223A680DC00833252 /* RemoteDataManager.swift in Sources */ = {isa = PBXBuildFile; fileRef = 42B00BD123A680DC00833252 /* RemoteDataManager.swift */; };
		42D31B6C23A64E540022EA6F /* AppExtension.swift in Sources */ = {isa = PBXBuildFile; fileRef = 42D31B6B23A64E540022EA6F /* AppExtension.swift */; };
		42D31B6E23A64EDE0022EA6F /* AuthorizationViewController.swift in Sources */ = {isa = PBXBuildFile; fileRef = 42D31B6D23A64EDE0022EA6F /* AuthorizationViewController.swift */; };
/* End PBXBuildFile section */

/* Begin PBXFileReference section */
		420D03A323A970CD00C31A41 /* AuthResponseModel.swift */ = {isa = PBXFileReference; lastKnownFileType = sourcecode.swift; path = AuthResponseModel.swift; sourceTree = "<group>"; };
		420D03A523A9801300C31A41 /* ProfileInfo.swift */ = {isa = PBXFileReference; lastKnownFileType = sourcecode.swift; path = ProfileInfo.swift; sourceTree = "<group>"; };
		4239034923AB8140003DF13A /* UserDefaultsManager.swift */ = {isa = PBXFileReference; lastKnownFileType = sourcecode.swift; path = UserDefaultsManager.swift; sourceTree = "<group>"; };
		4239034B23AB9E84003DF13A /* ErrorResponse.swift */ = {isa = PBXFileReference; lastKnownFileType = sourcecode.swift; path = ErrorResponse.swift; sourceTree = "<group>"; };
		4239034D23AB9F56003DF13A /* Errors.swift */ = {isa = PBXFileReference; lastKnownFileType = sourcecode.swift; path = Errors.swift; sourceTree = "<group>"; };
		4239034F23ABA44C003DF13A /* AlertService.swift */ = {isa = PBXFileReference; lastKnownFileType = sourcecode.swift; path = AlertService.swift; sourceTree = "<group>"; };
		4267C6D923A99A2800212A48 /* UserPage.storyboard */ = {isa = PBXFileReference; lastKnownFileType = file.storyboard; path = UserPage.storyboard; sourceTree = "<group>"; };
		4267C6DE23A99BAF00212A48 /* ProfileInfoCell.swift */ = {isa = PBXFileReference; lastKnownFileType = sourcecode.swift; path = ProfileInfoCell.swift; sourceTree = "<group>"; };
		4267C6DF23A99BAF00212A48 /* ProfileInfoCell.xib */ = {isa = PBXFileReference; lastKnownFileType = file.xib; path = ProfileInfoCell.xib; sourceTree = "<group>"; };
		4267C6E223A99BBD00212A48 /* PostCell.swift */ = {isa = PBXFileReference; lastKnownFileType = sourcecode.swift; path = PostCell.swift; sourceTree = "<group>"; };
		4267C6E323A99BBD00212A48 /* PostCell.xib */ = {isa = PBXFileReference; lastKnownFileType = file.xib; path = PostCell.xib; sourceTree = "<group>"; };
		4268B24D23BA86950092C2F9 /* ReloadDataDelegate.swift */ = {isa = PBXFileReference; lastKnownFileType = sourcecode.swift; path = ReloadDataDelegate.swift; sourceTree = "<group>"; };
		4268B24F23BAA0D80092C2F9 /* PostCellParentDelegate.swift */ = {isa = PBXFileReference; lastKnownFileType = sourcecode.swift; path = PostCellParentDelegate.swift; sourceTree = "<group>"; };
		429A0AE323AA491600ED2ACF /* Helper.swift */ = {isa = PBXFileReference; lastKnownFileType = sourcecode.swift; path = Helper.swift; sourceTree = "<group>"; };
		429A0AE523AA4B1700ED2ACF /* UserPageViewController.swift */ = {isa = PBXFileReference; lastKnownFileType = sourcecode.swift; path = UserPageViewController.swift; sourceTree = "<group>"; };
		42A7BB6923A6484F00B65A8F /* vk_client.app */ = {isa = PBXFileReference; explicitFileType = wrapper.application; includeInIndex = 0; path = vk_client.app; sourceTree = BUILT_PRODUCTS_DIR; };
		42A7BB6C23A6484F00B65A8F /* AppDelegate.swift */ = {isa = PBXFileReference; lastKnownFileType = sourcecode.swift; path = AppDelegate.swift; sourceTree = "<group>"; };
		42A7BB6E23A6484F00B65A8F /* SceneDelegate.swift */ = {isa = PBXFileReference; lastKnownFileType = sourcecode.swift; path = SceneDelegate.swift; sourceTree = "<group>"; };
		42A7BB7323A6484F00B65A8F /* Base */ = {isa = PBXFileReference; lastKnownFileType = file.storyboard; name = Base; path = Base.lproj/Main.storyboard; sourceTree = "<group>"; };
		42A7BB7623A6484F00B65A8F /* vk_client.xcdatamodel */ = {isa = PBXFileReference; lastKnownFileType = wrapper.xcdatamodel; path = vk_client.xcdatamodel; sourceTree = "<group>"; };
		42A7BB7823A6485300B65A8F /* Assets.xcassets */ = {isa = PBXFileReference; lastKnownFileType = folder.assetcatalog; path = Assets.xcassets; sourceTree = "<group>"; };
		42A7BB7B23A6485300B65A8F /* Base */ = {isa = PBXFileReference; lastKnownFileType = file.storyboard; name = Base; path = Base.lproj/LaunchScreen.storyboard; sourceTree = "<group>"; };
		42A7BB7D23A6485300B65A8F /* Info.plist */ = {isa = PBXFileReference; lastKnownFileType = text.plist.xml; path = Info.plist; sourceTree = "<group>"; };
		42A7BB8323A649D300B65A8F /* Authorization.storyboard */ = {isa = PBXFileReference; lastKnownFileType = file.storyboard; path = Authorization.storyboard; sourceTree = "<group>"; };
		42A7BB8623A64AFE00B65A8F /* Constants.swift */ = {isa = PBXFileReference; lastKnownFileType = sourcecode.swift; path = Constants.swift; sourceTree = "<group>"; };
		42A7BB8923A64B8F00B65A8F /* CustomButton.swift */ = {isa = PBXFileReference; lastKnownFileType = sourcecode.swift; path = CustomButton.swift; sourceTree = "<group>"; };
		42AB7AAD23AAA7BB0091C73D /* UserPosts.swift */ = {isa = PBXFileReference; lastKnownFileType = sourcecode.swift; path = UserPosts.swift; sourceTree = "<group>"; };
		42B00BCA23A67ECC00833252 /* LogInViewController.swift */ = {isa = PBXFileReference; lastKnownFileType = sourcecode.swift; path = LogInViewController.swift; sourceTree = "<group>"; };
		42B00BCC23A67F2500833252 /* SignUpViewController.swift */ = {isa = PBXFileReference; lastKnownFileType = sourcecode.swift; path = SignUpViewController.swift; sourceTree = "<group>"; };
		42B00BCF23A680D400833252 /* LocalDataManager.swift */ = {isa = PBXFileReference; lastKnownFileType = sourcecode.swift; path = LocalDataManager.swift; sourceTree = "<group>"; };
		42B00BD123A680DC00833252 /* RemoteDataManager.swift */ = {isa = PBXFileReference; lastKnownFileType = sourcecode.swift; path = RemoteDataManager.swift; sourceTree = "<group>"; };
		42D31B6B23A64E540022EA6F /* AppExtension.swift */ = {isa = PBXFileReference; lastKnownFileType = sourcecode.swift; path = AppExtension.swift; sourceTree = "<group>"; };
		42D31B6D23A64EDE0022EA6F /* AuthorizationViewController.swift */ = {isa = PBXFileReference; lastKnownFileType = sourcecode.swift; path = AuthorizationViewController.swift; sourceTree = "<group>"; };
/* End PBXFileReference section */

/* Begin PBXFrameworksBuildPhase section */
		42A7BB6623A6484F00B65A8F /* Frameworks */ = {
			isa = PBXFrameworksBuildPhase;
			buildActionMask = 2147483647;
			files = (
			);
			runOnlyForDeploymentPostprocessing = 0;
		};
/* End PBXFrameworksBuildPhase section */

/* Begin PBXGroup section */
		420D03A223A9709C00C31A41 /* Models */ = {
			isa = PBXGroup;
			children = (
				42E2A05E23BA85DC00DC9800 /* CoreDataModels */,
				42E2A05D23BA85BD00DC9800 /* NetworkResponseModels */,
			);
			path = Models;
			sourceTree = "<group>";
		};
		4267C6D823A999E900212A48 /* UserPageScreen */ = {
			isa = PBXGroup;
			children = (
				4267C6D923A99A2800212A48 /* UserPage.storyboard */,
				4267C6DC23A99B6900212A48 /* Controllers */,
				4267C6DB23A99B5D00212A48 /* Views */,
			);
			path = UserPageScreen;
			sourceTree = "<group>";
		};
		4267C6DB23A99B5D00212A48 /* Views */ = {
			isa = PBXGroup;
			children = (
				4267C6DE23A99BAF00212A48 /* ProfileInfoCell.swift */,
				4267C6DF23A99BAF00212A48 /* ProfileInfoCell.xib */,
				4267C6E223A99BBD00212A48 /* PostCell.swift */,
				4267C6E323A99BBD00212A48 /* PostCell.xib */,
			);
			path = Views;
			sourceTree = "<group>";
		};
		4267C6DC23A99B6900212A48 /* Controllers */ = {
			isa = PBXGroup;
			children = (
				429A0AE523AA4B1700ED2ACF /* UserPageViewController.swift */,
			);
			path = Controllers;
			sourceTree = "<group>";
		};
		4267C6DD23A99B7A00212A48 /* Controllers */ = {
			isa = PBXGroup;
			children = (
				42D31B6D23A64EDE0022EA6F /* AuthorizationViewController.swift */,
				42B00BCA23A67ECC00833252 /* LogInViewController.swift */,
				42B00BCC23A67F2500833252 /* SignUpViewController.swift */,
			);
			path = Controllers;
			sourceTree = "<group>";
		};
		42A7BB6023A6484E00B65A8F = {
			isa = PBXGroup;
			children = (
				42A7BB6B23A6484F00B65A8F /* vk_client */,
				42A7BB6A23A6484F00B65A8F /* Products */,
			);
			sourceTree = "<group>";
		};
		42A7BB6A23A6484F00B65A8F /* Products */ = {
			isa = PBXGroup;
			children = (
				42A7BB6923A6484F00B65A8F /* vk_client.app */,
			);
			name = Products;
			sourceTree = "<group>";
		};
		42A7BB6B23A6484F00B65A8F /* vk_client */ = {
			isa = PBXGroup;
			children = (
				42A7BB7223A6484F00B65A8F /* Main.storyboard */,
				420D03A223A9709C00C31A41 /* Models */,
				42B00BCE23A680C100833252 /* DataManagers */,
				42A7BB8523A64AC900B65A8F /* Helpers */,
				42D31B6F23A6579C0022EA6F /* AuthorizationScreen */,
				4267C6D823A999E900212A48 /* UserPageScreen */,
				42A7BB7A23A6485300B65A8F /* LaunchScreen.storyboard */,
				42A7BB7D23A6485300B65A8F /* Info.plist */,
				42A7BB6C23A6484F00B65A8F /* AppDelegate.swift */,
				42A7BB6E23A6484F00B65A8F /* SceneDelegate.swift */,
				42A7BB7823A6485300B65A8F /* Assets.xcassets */,
				42A7BB7523A6484F00B65A8F /* vk_client.xcdatamodeld */,
			);
			path = vk_client;
			sourceTree = "<group>";
		};
		42A7BB8523A64AC900B65A8F /* Helpers */ = {
			isa = PBXGroup;
			children = (
				42D31B6A23A64E420022EA6F /* Extensions */,
				42A7BB8623A64AFE00B65A8F /* Constants.swift */,
				42A7BB8923A64B8F00B65A8F /* CustomButton.swift */,
				429A0AE323AA491600ED2ACF /* Helper.swift */,
			);
			path = Helpers;
			sourceTree = "<group>";
		};
		42B00BCE23A680C100833252 /* DataManagers */ = {
			isa = PBXGroup;
			children = (
				42B00BCF23A680D400833252 /* LocalDataManager.swift */,
				42B00BD123A680DC00833252 /* RemoteDataManager.swift */,
				4239034923AB8140003DF13A /* UserDefaultsManager.swift */,
			);
			path = DataManagers;
			sourceTree = "<group>";
		};
		42D31B6A23A64E420022EA6F /* Extensions */ = {
			isa = PBXGroup;
			children = (
				42D31B6B23A64E540022EA6F /* AppExtension.swift */,
				4268B24D23BA86950092C2F9 /* ReloadDataDelegate.swift */,
				4268B24F23BAA0D80092C2F9 /* PostCellParentDelegate.swift */,
			);
			path = Extensions;
			sourceTree = "<group>";
		};
		42D31B6F23A6579C0022EA6F /* AuthorizationScreen */ = {
			isa = PBXGroup;
			children = (
				42A7BB8323A649D300B65A8F /* Authorization.storyboard */,
				4267C6DD23A99B7A00212A48 /* Controllers */,
			);
			path = AuthorizationScreen;
			sourceTree = "<group>";
		};
		42E2A05D23BA85BD00DC9800 /* NetworkResponseModels */ = {
			isa = PBXGroup;
			children = (
				420D03A323A970CD00C31A41 /* AuthResponseModel.swift */,
				420D03A523A9801300C31A41 /* ProfileInfo.swift */,
				42AB7AAD23AAA7BB0091C73D /* UserPosts.swift */,
				4239034B23AB9E84003DF13A /* ErrorResponse.swift */,
				4239034D23AB9F56003DF13A /* Errors.swift */,
				4239034F23ABA44C003DF13A /* AlertService.swift */,
			);
			path = NetworkResponseModels;
			sourceTree = "<group>";
		};
		42E2A05E23BA85DC00DC9800 /* CoreDataModels */ = {
			isa = PBXGroup;
			children = (
			);
			path = CoreDataModels;
			sourceTree = "<group>";
		};
/* End PBXGroup section */

/* Begin PBXNativeTarget section */
		42A7BB6823A6484F00B65A8F /* vk_client */ = {
			isa = PBXNativeTarget;
			buildConfigurationList = 42A7BB8023A6485300B65A8F /* Build configuration list for PBXNativeTarget "vk_client" */;
			buildPhases = (
				42A7BB6523A6484F00B65A8F /* Sources */,
				42A7BB6623A6484F00B65A8F /* Frameworks */,
				42A7BB6723A6484F00B65A8F /* Resources */,
			);
			buildRules = (
			);
			dependencies = (
			);
			name = vk_client;
			productName = vk_client;
			productReference = 42A7BB6923A6484F00B65A8F /* vk_client.app */;
			productType = "com.apple.product-type.application";
		};
/* End PBXNativeTarget section */

/* Begin PBXProject section */
		42A7BB6123A6484E00B65A8F /* Project object */ = {
			isa = PBXProject;
			attributes = {
				LastSwiftUpdateCheck = 1120;
				LastUpgradeCheck = 1120;
				ORGANIZATIONNAME = "Никита";
				TargetAttributes = {
					42A7BB6823A6484F00B65A8F = {
						CreatedOnToolsVersion = 11.2.1;
					};
				};
			};
			buildConfigurationList = 42A7BB6423A6484E00B65A8F /* Build configuration list for PBXProject "vk_client" */;
			compatibilityVersion = "Xcode 9.3";
			developmentRegion = en;
			hasScannedForEncodings = 0;
			knownRegions = (
				en,
				Base,
			);
			mainGroup = 42A7BB6023A6484E00B65A8F;
			productRefGroup = 42A7BB6A23A6484F00B65A8F /* Products */;
			projectDirPath = "";
			projectRoot = "";
			targets = (
				42A7BB6823A6484F00B65A8F /* vk_client */,
			);
		};
/* End PBXProject section */

/* Begin PBXResourcesBuildPhase section */
		42A7BB6723A6484F00B65A8F /* Resources */ = {
			isa = PBXResourcesBuildPhase;
			buildActionMask = 2147483647;
			files = (
				4267C6DA23A99A2800212A48 /* UserPage.storyboard in Resources */,
				42A7BB8423A649D300B65A8F /* Authorization.storyboard in Resources */,
				42A7BB7C23A6485300B65A8F /* LaunchScreen.storyboard in Resources */,
				4267C6E523A99BBD00212A48 /* PostCell.xib in Resources */,
				42A7BB7923A6485300B65A8F /* Assets.xcassets in Resources */,
				42A7BB7423A6484F00B65A8F /* Main.storyboard in Resources */,
				4267C6E123A99BAF00212A48 /* ProfileInfoCell.xib in Resources */,
			);
			runOnlyForDeploymentPostprocessing = 0;
		};
/* End PBXResourcesBuildPhase section */

/* Begin PBXSourcesBuildPhase section */
		42A7BB6523A6484F00B65A8F /* Sources */ = {
			isa = PBXSourcesBuildPhase;
			buildActionMask = 2147483647;
			files = (
				4239035023ABA44C003DF13A /* AlertService.swift in Sources */,
				42AB7AAE23AAA7BB0091C73D /* UserPosts.swift in Sources */,
				4267C6E423A99BBD00212A48 /* PostCell.swift in Sources */,
				420D03A623A9801300C31A41 /* ProfileInfo.swift in Sources */,
				420D03A423A970CD00C31A41 /* AuthResponseModel.swift in Sources */,
				429A0AE623AA4B1700ED2ACF /* UserPageViewController.swift in Sources */,
				4239034A23AB8140003DF13A /* UserDefaultsManager.swift in Sources */,
				42A7BB8723A64AFE00B65A8F /* Constants.swift in Sources */,
				42B00BCB23A67ECC00833252 /* LogInViewController.swift in Sources */,
				42D31B6C23A64E540022EA6F /* AppExtension.swift in Sources */,
				4268B25023BAA0D80092C2F9 /* PostCellParentDelegate.swift in Sources */,
				42B00BD023A680D400833252 /* LocalDataManager.swift in Sources */,
				429A0AE423AA491600ED2ACF /* Helper.swift in Sources */,
				42B00BCD23A67F2500833252 /* SignUpViewController.swift in Sources */,
				42A7BB8A23A64B8F00B65A8F /* CustomButton.swift in Sources */,
				4239034E23AB9F56003DF13A /* Errors.swift in Sources */,
				42B00BD223A680DC00833252 /* RemoteDataManager.swift in Sources */,
				42D31B6E23A64EDE0022EA6F /* AuthorizationViewController.swift in Sources */,
				4239034C23AB9E84003DF13A /* ErrorResponse.swift in Sources */,
				42A7BB7723A6484F00B65A8F /* vk_client.xcdatamodeld in Sources */,
				4268B24E23BA86950092C2F9 /* ReloadDataDelegate.swift in Sources */,
				4267C6E023A99BAF00212A48 /* ProfileInfoCell.swift in Sources */,
				42A7BB6D23A6484F00B65A8F /* AppDelegate.swift in Sources */,
				42A7BB6F23A6484F00B65A8F /* SceneDelegate.swift in Sources */,
			);
			runOnlyForDeploymentPostprocessing = 0;
		};
/* End PBXSourcesBuildPhase section */

/* Begin PBXVariantGroup section */
		42A7BB7223A6484F00B65A8F /* Main.storyboard */ = {
			isa = PBXVariantGroup;
			children = (
				42A7BB7323A6484F00B65A8F /* Base */,
			);
			name = Main.storyboard;
			sourceTree = "<group>";
		};
		42A7BB7A23A6485300B65A8F /* LaunchScreen.storyboard */ = {
			isa = PBXVariantGroup;
			children = (
				42A7BB7B23A6485300B65A8F /* Base */,
			);
			name = LaunchScreen.storyboard;
			sourceTree = "<group>";
		};
/* End PBXVariantGroup section */

/* Begin XCBuildConfiguration section */
		42A7BB7E23A6485300B65A8F /* Debug */ = {
			isa = XCBuildConfiguration;
			buildSettings = {
				ALWAYS_SEARCH_USER_PATHS = NO;
				CLANG_ANALYZER_NONNULL = YES;
				CLANG_ANALYZER_NUMBER_OBJECT_CONVERSION = YES_AGGRESSIVE;
				CLANG_CXX_LANGUAGE_STANDARD = "gnu++14";
				CLANG_CXX_LIBRARY = "libc++";
				CLANG_ENABLE_MODULES = YES;
				CLANG_ENABLE_OBJC_ARC = YES;
				CLANG_ENABLE_OBJC_WEAK = YES;
				CLANG_WARN_BLOCK_CAPTURE_AUTORELEASING = YES;
				CLANG_WARN_BOOL_CONVERSION = YES;
				CLANG_WARN_COMMA = YES;
				CLANG_WARN_CONSTANT_CONVERSION = YES;
				CLANG_WARN_DEPRECATED_OBJC_IMPLEMENTATIONS = YES;
				CLANG_WARN_DIRECT_OBJC_ISA_USAGE = YES_ERROR;
				CLANG_WARN_DOCUMENTATION_COMMENTS = YES;
				CLANG_WARN_EMPTY_BODY = YES;
				CLANG_WARN_ENUM_CONVERSION = YES;
				CLANG_WARN_INFINITE_RECURSION = YES;
				CLANG_WARN_INT_CONVERSION = YES;
				CLANG_WARN_NON_LITERAL_NULL_CONVERSION = YES;
				CLANG_WARN_OBJC_IMPLICIT_RETAIN_SELF = YES;
				CLANG_WARN_OBJC_LITERAL_CONVERSION = YES;
				CLANG_WARN_OBJC_ROOT_CLASS = YES_ERROR;
				CLANG_WARN_RANGE_LOOP_ANALYSIS = YES;
				CLANG_WARN_STRICT_PROTOTYPES = YES;
				CLANG_WARN_SUSPICIOUS_MOVE = YES;
				CLANG_WARN_UNGUARDED_AVAILABILITY = YES_AGGRESSIVE;
				CLANG_WARN_UNREACHABLE_CODE = YES;
				CLANG_WARN__DUPLICATE_METHOD_MATCH = YES;
				COPY_PHASE_STRIP = NO;
				DEBUG_INFORMATION_FORMAT = dwarf;
				ENABLE_STRICT_OBJC_MSGSEND = YES;
				ENABLE_TESTABILITY = YES;
				GCC_C_LANGUAGE_STANDARD = gnu11;
				GCC_DYNAMIC_NO_PIC = NO;
				GCC_NO_COMMON_BLOCKS = YES;
				GCC_OPTIMIZATION_LEVEL = 0;
				GCC_PREPROCESSOR_DEFINITIONS = (
					"DEBUG=1",
					"$(inherited)",
				);
				GCC_WARN_64_TO_32_BIT_CONVERSION = YES;
				GCC_WARN_ABOUT_RETURN_TYPE = YES_ERROR;
				GCC_WARN_UNDECLARED_SELECTOR = YES;
				GCC_WARN_UNINITIALIZED_AUTOS = YES_AGGRESSIVE;
				GCC_WARN_UNUSED_FUNCTION = YES;
				GCC_WARN_UNUSED_VARIABLE = YES;
				IPHONEOS_DEPLOYMENT_TARGET = 13.0;
				MTL_ENABLE_DEBUG_INFO = INCLUDE_SOURCE;
				MTL_FAST_MATH = YES;
				ONLY_ACTIVE_ARCH = YES;
				SDKROOT = iphoneos;
				SWIFT_ACTIVE_COMPILATION_CONDITIONS = DEBUG;
				SWIFT_OPTIMIZATION_LEVEL = "-Onone";
			};
			name = Debug;
		};
		42A7BB7F23A6485300B65A8F /* Release */ = {
			isa = XCBuildConfiguration;
			buildSettings = {
				ALWAYS_SEARCH_USER_PATHS = NO;
				CLANG_ANALYZER_NONNULL = YES;
				CLANG_ANALYZER_NUMBER_OBJECT_CONVERSION = YES_AGGRESSIVE;
				CLANG_CXX_LANGUAGE_STANDARD = "gnu++14";
				CLANG_CXX_LIBRARY = "libc++";
				CLANG_ENABLE_MODULES = YES;
				CLANG_ENABLE_OBJC_ARC = YES;
				CLANG_ENABLE_OBJC_WEAK = YES;
				CLANG_WARN_BLOCK_CAPTURE_AUTORELEASING = YES;
				CLANG_WARN_BOOL_CONVERSION = YES;
				CLANG_WARN_COMMA = YES;
				CLANG_WARN_CONSTANT_CONVERSION = YES;
				CLANG_WARN_DEPRECATED_OBJC_IMPLEMENTATIONS = YES;
				CLANG_WARN_DIRECT_OBJC_ISA_USAGE = YES_ERROR;
				CLANG_WARN_DOCUMENTATION_COMMENTS = YES;
				CLANG_WARN_EMPTY_BODY = YES;
				CLANG_WARN_ENUM_CONVERSION = YES;
				CLANG_WARN_INFINITE_RECURSION = YES;
				CLANG_WARN_INT_CONVERSION = YES;
				CLANG_WARN_NON_LITERAL_NULL_CONVERSION = YES;
				CLANG_WARN_OBJC_IMPLICIT_RETAIN_SELF = YES;
				CLANG_WARN_OBJC_LITERAL_CONVERSION = YES;
				CLANG_WARN_OBJC_ROOT_CLASS = YES_ERROR;
				CLANG_WARN_RANGE_LOOP_ANALYSIS = YES;
				CLANG_WARN_STRICT_PROTOTYPES = YES;
				CLANG_WARN_SUSPICIOUS_MOVE = YES;
				CLANG_WARN_UNGUARDED_AVAILABILITY = YES_AGGRESSIVE;
				CLANG_WARN_UNREACHABLE_CODE = YES;
				CLANG_WARN__DUPLICATE_METHOD_MATCH = YES;
				COPY_PHASE_STRIP = NO;
				DEBUG_INFORMATION_FORMAT = "dwarf-with-dsym";
				ENABLE_NS_ASSERTIONS = NO;
				ENABLE_STRICT_OBJC_MSGSEND = YES;
				GCC_C_LANGUAGE_STANDARD = gnu11;
				GCC_NO_COMMON_BLOCKS = YES;
				GCC_WARN_64_TO_32_BIT_CONVERSION = YES;
				GCC_WARN_ABOUT_RETURN_TYPE = YES_ERROR;
				GCC_WARN_UNDECLARED_SELECTOR = YES;
				GCC_WARN_UNINITIALIZED_AUTOS = YES_AGGRESSIVE;
				GCC_WARN_UNUSED_FUNCTION = YES;
				GCC_WARN_UNUSED_VARIABLE = YES;
				IPHONEOS_DEPLOYMENT_TARGET = 13.0;
				MTL_ENABLE_DEBUG_INFO = NO;
				MTL_FAST_MATH = YES;
				SDKROOT = iphoneos;
				SWIFT_COMPILATION_MODE = wholemodule;
				SWIFT_OPTIMIZATION_LEVEL = "-O";
				VALIDATE_PRODUCT = YES;
			};
			name = Release;
		};
		42A7BB8123A6485300B65A8F /* Debug */ = {
			isa = XCBuildConfiguration;
			buildSettings = {
				ASSETCATALOG_COMPILER_APPICON_NAME = AppIcon;
				CODE_SIGN_STYLE = Automatic;
				DEVELOPMENT_TEAM = Y7B4QBPY6V;
				INFOPLIST_FILE = vk_client/Info.plist;
				LD_RUNPATH_SEARCH_PATHS = (
					"$(inherited)",
					"@executable_path/Frameworks",
				);
				PRODUCT_BUNDLE_IDENTIFIER = "dest.vk-client";
				PRODUCT_NAME = "$(TARGET_NAME)";
				SWIFT_VERSION = 5.0;
				TARGETED_DEVICE_FAMILY = 1;
			};
			name = Debug;
		};
		42A7BB8223A6485300B65A8F /* Release */ = {
			isa = XCBuildConfiguration;
			buildSettings = {
				ASSETCATALOG_COMPILER_APPICON_NAME = AppIcon;
				CODE_SIGN_STYLE = Automatic;
				DEVELOPMENT_TEAM = Y7B4QBPY6V;
				INFOPLIST_FILE = vk_client/Info.plist;
				LD_RUNPATH_SEARCH_PATHS = (
					"$(inherited)",
					"@executable_path/Frameworks",
				);
				PRODUCT_BUNDLE_IDENTIFIER = "dest.vk-client";
				PRODUCT_NAME = "$(TARGET_NAME)";
				SWIFT_VERSION = 5.0;
				TARGETED_DEVICE_FAMILY = 1;
			};
			name = Release;
		};
/* End XCBuildConfiguration section */

/* Begin XCConfigurationList section */
		42A7BB6423A6484E00B65A8F /* Build configuration list for PBXProject "vk_client" */ = {
			isa = XCConfigurationList;
			buildConfigurations = (
				42A7BB7E23A6485300B65A8F /* Debug */,
				42A7BB7F23A6485300B65A8F /* Release */,
			);
			defaultConfigurationIsVisible = 0;
			defaultConfigurationName = Release;
		};
		42A7BB8023A6485300B65A8F /* Build configuration list for PBXNativeTarget "vk_client" */ = {
			isa = XCConfigurationList;
			buildConfigurations = (
				42A7BB8123A6485300B65A8F /* Debug */,
				42A7BB8223A6485300B65A8F /* Release */,
			);
			defaultConfigurationIsVisible = 0;
			defaultConfigurationName = Release;
		};
/* End XCConfigurationList section */

/* Begin XCVersionGroup section */
		42A7BB7523A6484F00B65A8F /* vk_client.xcdatamodeld */ = {
			isa = XCVersionGroup;
			children = (
				42A7BB7623A6484F00B65A8F /* vk_client.xcdatamodel */,
			);
			currentVersion = 42A7BB7623A6484F00B65A8F /* vk_client.xcdatamodel */;
			path = vk_client.xcdatamodeld;
			sourceTree = "<group>";
			versionGroupType = wrapper.xcdatamodel;
		};
/* End XCVersionGroup section */
	};
	rootObject = 42A7BB6123A6484E00B65A8F /* Project object */;
}
